// !$*UTF8*$!
{
	archiveVersion = 1;
	classes = {
	};
	objectVersion = 56;
	objects = {

/* Begin PBXBuildFile section */
		D7004924292BE62800ED170A /* AuthViewModel.swift in Sources */ = {isa = PBXBuildFile; fileRef = D7004923292BE62800ED170A /* AuthViewModel.swift */; };
		D70049262930A31A00ED170A /* ProfilePhotoSelectorView.swift in Sources */ = {isa = PBXBuildFile; fileRef = D70049252930A31A00ED170A /* ProfilePhotoSelectorView.swift */; };
		D700492B2930AEA800ED170A /* ImagePicker.swift in Sources */ = {isa = PBXBuildFile; fileRef = D700492A2930AEA800ED170A /* ImagePicker.swift */; };
		D7DD2E0B2923B019005B3B7A /* Twitter_Clone_App_SwiftUIApp.swift in Sources */ = {isa = PBXBuildFile; fileRef = D7DD2E0A2923B019005B3B7A /* Twitter_Clone_App_SwiftUIApp.swift */; };
		D7DD2E0D2923B019005B3B7A /* ContentView.swift in Sources */ = {isa = PBXBuildFile; fileRef = D7DD2E0C2923B019005B3B7A /* ContentView.swift */; };
		D7DD2E0F2923B01A005B3B7A /* Assets.xcassets in Resources */ = {isa = PBXBuildFile; fileRef = D7DD2E0E2923B01A005B3B7A /* Assets.xcassets */; };
		D7DD2E122923B01A005B3B7A /* Preview Assets.xcassets in Resources */ = {isa = PBXBuildFile; fileRef = D7DD2E112923B01A005B3B7A /* Preview Assets.xcassets */; };
		D7DD2E232923B197005B3B7A /* FeedView.swift in Sources */ = {isa = PBXBuildFile; fileRef = D7DD2E222923B197005B3B7A /* FeedView.swift */; };
		D7DD2E262923B2EC005B3B7A /* TweetRowView.swift in Sources */ = {isa = PBXBuildFile; fileRef = D7DD2E252923B2EC005B3B7A /* TweetRowView.swift */; };
		D7DD2E292923CA78005B3B7A /* MainTabView.swift in Sources */ = {isa = PBXBuildFile; fileRef = D7DD2E282923CA78005B3B7A /* MainTabView.swift */; };
		D7DD2E2F2923CCBB005B3B7A /* ExploreView.swift in Sources */ = {isa = PBXBuildFile; fileRef = D7DD2E2E2923CCBB005B3B7A /* ExploreView.swift */; };
		D7DD2E312923CCDF005B3B7A /* NotificationView.swift in Sources */ = {isa = PBXBuildFile; fileRef = D7DD2E302923CCDF005B3B7A /* NotificationView.swift */; };
		D7DD2E332923CD23005B3B7A /* MessageView.swift in Sources */ = {isa = PBXBuildFile; fileRef = D7DD2E322923CD23005B3B7A /* MessageView.swift */; };
		D7DD2E3B2924FF14005B3B7A /* ProfileView.swift in Sources */ = {isa = PBXBuildFile; fileRef = D7DD2E3A2924FF14005B3B7A /* ProfileView.swift */; };
		D7DD2E3D29254481005B3B7A /* TweetFilterViewModel.swift in Sources */ = {isa = PBXBuildFile; fileRef = D7DD2E3C29254481005B3B7A /* TweetFilterViewModel.swift */; };
		D7DD2E462927CCF6005B3B7A /* UserRowView.swift in Sources */ = {isa = PBXBuildFile; fileRef = D7DD2E452927CCF6005B3B7A /* UserRowView.swift */; };
		D7DD2E4B29286094005B3B7A /* SideMenuView.swift in Sources */ = {isa = PBXBuildFile; fileRef = D7DD2E4A29286094005B3B7A /* SideMenuView.swift */; };
		D7DD2E4D292860AF005B3B7A /* SideMenuRowView.swift in Sources */ = {isa = PBXBuildFile; fileRef = D7DD2E4C292860AF005B3B7A /* SideMenuRowView.swift */; };
		D7DD2E4F292860C0005B3B7A /* SideMenuViewModel.swift in Sources */ = {isa = PBXBuildFile; fileRef = D7DD2E4E292860C0005B3B7A /* SideMenuViewModel.swift */; };
		D7DD2E51292864D9005B3B7A /* UserStatsView.swift in Sources */ = {isa = PBXBuildFile; fileRef = D7DD2E50292864D9005B3B7A /* UserStatsView.swift */; };
		D7DD2E582928CBDD005B3B7A /* NewTweetView.swift in Sources */ = {isa = PBXBuildFile; fileRef = D7DD2E572928CBDD005B3B7A /* NewTweetView.swift */; };
		D7DD2E5A2928D219005B3B7A /* TextArea.swift in Sources */ = {isa = PBXBuildFile; fileRef = D7DD2E592928D219005B3B7A /* TextArea.swift */; };
		D7DD2E5F2928F049005B3B7A /* LoginView.swift in Sources */ = {isa = PBXBuildFile; fileRef = D7DD2E5E2928F049005B3B7A /* LoginView.swift */; };
		D7DD2E612928F069005B3B7A /* RegisterView.swift in Sources */ = {isa = PBXBuildFile; fileRef = D7DD2E602928F069005B3B7A /* RegisterView.swift */; };
		D7DD2E6329293A8D005B3B7A /* RoundedShape.swift in Sources */ = {isa = PBXBuildFile; fileRef = D7DD2E6229293A8D005B3B7A /* RoundedShape.swift */; };
		D7DD2E6529294B6B005B3B7A /* CustomInputField.swift in Sources */ = {isa = PBXBuildFile; fileRef = D7DD2E6429294B6B005B3B7A /* CustomInputField.swift */; };
		D7DD2E69292A37B7005B3B7A /* AuthenticationHeaderView.swift in Sources */ = {isa = PBXBuildFile; fileRef = D7DD2E68292A37B7005B3B7A /* AuthenticationHeaderView.swift */; };
		D7DD2E6B292A3AA9005B3B7A /* AuthenticationBottomView.swift in Sources */ = {isa = PBXBuildFile; fileRef = D7DD2E6A292A3AA9005B3B7A /* AuthenticationBottomView.swift */; };
		D7DD2E6F292AB653005B3B7A /* GoogleService-Info.plist in Resources */ = {isa = PBXBuildFile; fileRef = D7DD2E6E292AB653005B3B7A /* GoogleService-Info.plist */; };
		D7DD2E72292B4C9A005B3B7A /* FirebaseAuth in Frameworks */ = {isa = PBXBuildFile; productRef = D7DD2E71292B4C9A005B3B7A /* FirebaseAuth */; };
		D7DD2E74292B4C9A005B3B7A /* FirebaseFirestore in Frameworks */ = {isa = PBXBuildFile; productRef = D7DD2E73292B4C9A005B3B7A /* FirebaseFirestore */; };
		D7DD2E76292B4C9A005B3B7A /* FirebaseFirestoreSwift in Frameworks */ = {isa = PBXBuildFile; productRef = D7DD2E75292B4C9A005B3B7A /* FirebaseFirestoreSwift */; };
		D7DD2E78292B4C9A005B3B7A /* FirebaseStorage in Frameworks */ = {isa = PBXBuildFile; productRef = D7DD2E77292B4C9A005B3B7A /* FirebaseStorage */; };
/* End PBXBuildFile section */

/* Begin PBXFileReference section */
		D7004923292BE62800ED170A /* AuthViewModel.swift */ = {isa = PBXFileReference; lastKnownFileType = sourcecode.swift; path = AuthViewModel.swift; sourceTree = "<group>"; };
		D70049252930A31A00ED170A /* ProfilePhotoSelectorView.swift */ = {isa = PBXFileReference; lastKnownFileType = sourcecode.swift; path = ProfilePhotoSelectorView.swift; sourceTree = "<group>"; };
		D700492A2930AEA800ED170A /* ImagePicker.swift */ = {isa = PBXFileReference; lastKnownFileType = sourcecode.swift; path = ImagePicker.swift; sourceTree = "<group>"; };
		D7DD2E072923B019005B3B7A /* Twitter-Clone-App-SwiftUI.app */ = {isa = PBXFileReference; explicitFileType = wrapper.application; includeInIndex = 0; path = "Twitter-Clone-App-SwiftUI.app"; sourceTree = BUILT_PRODUCTS_DIR; };
		D7DD2E0A2923B019005B3B7A /* Twitter_Clone_App_SwiftUIApp.swift */ = {isa = PBXFileReference; lastKnownFileType = sourcecode.swift; path = Twitter_Clone_App_SwiftUIApp.swift; sourceTree = "<group>"; };
		D7DD2E0C2923B019005B3B7A /* ContentView.swift */ = {isa = PBXFileReference; lastKnownFileType = sourcecode.swift; path = ContentView.swift; sourceTree = "<group>"; };
		D7DD2E0E2923B01A005B3B7A /* Assets.xcassets */ = {isa = PBXFileReference; lastKnownFileType = folder.assetcatalog; path = Assets.xcassets; sourceTree = "<group>"; };
		D7DD2E112923B01A005B3B7A /* Preview Assets.xcassets */ = {isa = PBXFileReference; lastKnownFileType = folder.assetcatalog; path = "Preview Assets.xcassets"; sourceTree = "<group>"; };
		D7DD2E222923B197005B3B7A /* FeedView.swift */ = {isa = PBXFileReference; lastKnownFileType = sourcecode.swift; path = FeedView.swift; sourceTree = "<group>"; };
		D7DD2E252923B2EC005B3B7A /* TweetRowView.swift */ = {isa = PBXFileReference; lastKnownFileType = sourcecode.swift; path = TweetRowView.swift; sourceTree = "<group>"; };
		D7DD2E282923CA78005B3B7A /* MainTabView.swift */ = {isa = PBXFileReference; lastKnownFileType = sourcecode.swift; path = MainTabView.swift; sourceTree = "<group>"; };
		D7DD2E2E2923CCBB005B3B7A /* ExploreView.swift */ = {isa = PBXFileReference; lastKnownFileType = sourcecode.swift; path = ExploreView.swift; sourceTree = "<group>"; };
		D7DD2E302923CCDF005B3B7A /* NotificationView.swift */ = {isa = PBXFileReference; lastKnownFileType = sourcecode.swift; path = NotificationView.swift; sourceTree = "<group>"; };
		D7DD2E322923CD23005B3B7A /* MessageView.swift */ = {isa = PBXFileReference; lastKnownFileType = sourcecode.swift; path = MessageView.swift; sourceTree = "<group>"; };
		D7DD2E3A2924FF14005B3B7A /* ProfileView.swift */ = {isa = PBXFileReference; lastKnownFileType = sourcecode.swift; path = ProfileView.swift; sourceTree = "<group>"; };
		D7DD2E3C29254481005B3B7A /* TweetFilterViewModel.swift */ = {isa = PBXFileReference; lastKnownFileType = sourcecode.swift; path = TweetFilterViewModel.swift; sourceTree = "<group>"; };
		D7DD2E452927CCF6005B3B7A /* UserRowView.swift */ = {isa = PBXFileReference; lastKnownFileType = sourcecode.swift; path = UserRowView.swift; sourceTree = "<group>"; };
		D7DD2E4A29286094005B3B7A /* SideMenuView.swift */ = {isa = PBXFileReference; lastKnownFileType = sourcecode.swift; path = SideMenuView.swift; sourceTree = "<group>"; };
		D7DD2E4C292860AF005B3B7A /* SideMenuRowView.swift */ = {isa = PBXFileReference; lastKnownFileType = sourcecode.swift; path = SideMenuRowView.swift; sourceTree = "<group>"; };
		D7DD2E4E292860C0005B3B7A /* SideMenuViewModel.swift */ = {isa = PBXFileReference; lastKnownFileType = sourcecode.swift; path = SideMenuViewModel.swift; sourceTree = "<group>"; };
		D7DD2E50292864D9005B3B7A /* UserStatsView.swift */ = {isa = PBXFileReference; lastKnownFileType = sourcecode.swift; path = UserStatsView.swift; sourceTree = "<group>"; };
		D7DD2E572928CBDD005B3B7A /* NewTweetView.swift */ = {isa = PBXFileReference; lastKnownFileType = sourcecode.swift; path = NewTweetView.swift; sourceTree = "<group>"; };
		D7DD2E592928D219005B3B7A /* TextArea.swift */ = {isa = PBXFileReference; lastKnownFileType = sourcecode.swift; path = TextArea.swift; sourceTree = "<group>"; };
		D7DD2E5E2928F049005B3B7A /* LoginView.swift */ = {isa = PBXFileReference; lastKnownFileType = sourcecode.swift; path = LoginView.swift; sourceTree = "<group>"; };
		D7DD2E602928F069005B3B7A /* RegisterView.swift */ = {isa = PBXFileReference; lastKnownFileType = sourcecode.swift; path = RegisterView.swift; sourceTree = "<group>"; };
		D7DD2E6229293A8D005B3B7A /* RoundedShape.swift */ = {isa = PBXFileReference; lastKnownFileType = sourcecode.swift; path = RoundedShape.swift; sourceTree = "<group>"; };
		D7DD2E6429294B6B005B3B7A /* CustomInputField.swift */ = {isa = PBXFileReference; lastKnownFileType = sourcecode.swift; path = CustomInputField.swift; sourceTree = "<group>"; };
		D7DD2E68292A37B7005B3B7A /* AuthenticationHeaderView.swift */ = {isa = PBXFileReference; lastKnownFileType = sourcecode.swift; path = AuthenticationHeaderView.swift; sourceTree = "<group>"; };
		D7DD2E6A292A3AA9005B3B7A /* AuthenticationBottomView.swift */ = {isa = PBXFileReference; lastKnownFileType = sourcecode.swift; path = AuthenticationBottomView.swift; sourceTree = "<group>"; };
		D7DD2E6E292AB653005B3B7A /* GoogleService-Info.plist */ = {isa = PBXFileReference; lastKnownFileType = text.plist; path = "GoogleService-Info.plist"; sourceTree = SOURCE_ROOT; };
/* End PBXFileReference section */

/* Begin PBXFrameworksBuildPhase section */
		D7DD2E042923B019005B3B7A /* Frameworks */ = {
			isa = PBXFrameworksBuildPhase;
			buildActionMask = 2147483647;
			files = (
				D7DD2E72292B4C9A005B3B7A /* FirebaseAuth in Frameworks */,
				D7DD2E78292B4C9A005B3B7A /* FirebaseStorage in Frameworks */,
				D7DD2E74292B4C9A005B3B7A /* FirebaseFirestore in Frameworks */,
				D7DD2E76292B4C9A005B3B7A /* FirebaseFirestoreSwift in Frameworks */,
			);
			runOnlyForDeploymentPostprocessing = 0;
		};
/* End PBXFrameworksBuildPhase section */

/* Begin PBXGroup section */
		D70049272930AE5600ED170A /* Utils */ = {
			isa = PBXGroup;
			children = (
				D700492A2930AEA800ED170A /* ImagePicker.swift */,
			);
			path = Utils;
			sourceTree = "<group>";
		};
		D7DD2DFE2923B019005B3B7A = {
			isa = PBXGroup;
			children = (
				D7DD2E092923B019005B3B7A /* Twitter-Clone-App-SwiftUI */,
				D7DD2E082923B019005B3B7A /* Products */,
			);
			sourceTree = "<group>";
		};
		D7DD2E082923B019005B3B7A /* Products */ = {
			isa = PBXGroup;
			children = (
				D7DD2E072923B019005B3B7A /* Twitter-Clone-App-SwiftUI.app */,
			);
			name = Products;
			sourceTree = "<group>";
		};
		D7DD2E092923B019005B3B7A /* Twitter-Clone-App-SwiftUI */ = {
			isa = PBXGroup;
			children = (
				D70049272930AE5600ED170A /* Utils */,
				D7DD2E1D2923B06A005B3B7A /* Extensions */,
				D7DD2E1C2923B065005B3B7A /* Models */,
				D7DD2E1B2923B060005B3B7A /* Service */,
				D7DD2E182923B054005B3B7A /* Core */,
				D7DD2E0A2923B019005B3B7A /* Twitter_Clone_App_SwiftUIApp.swift */,
				D7DD2E0C2923B019005B3B7A /* ContentView.swift */,
				D7DD2E0E2923B01A005B3B7A /* Assets.xcassets */,
				D7DD2E6E292AB653005B3B7A /* GoogleService-Info.plist */,
				D7DD2E102923B01A005B3B7A /* Preview Content */,
			);
			path = "Twitter-Clone-App-SwiftUI";
			sourceTree = "<group>";
		};
		D7DD2E102923B01A005B3B7A /* Preview Content */ = {
			isa = PBXGroup;
			children = (
				D7DD2E112923B01A005B3B7A /* Preview Assets.xcassets */,
			);
			path = "Preview Content";
			sourceTree = "<group>";
		};
		D7DD2E182923B054005B3B7A /* Core */ = {
			isa = PBXGroup;
			children = (
				D7DD2E5B2928EFF4005B3B7A /* Authentication */,
				D7DD2E522928CB74005B3B7A /* UploadTweet */,
				D7DD2E1E2923B0EE005B3B7A /* Components */,
				D7DD2E472928605C005B3B7A /* SideMenu */,
				D7DD2E272923CA55005B3B7A /* MainTab */,
				D7DD2E2D2923CC5B005B3B7A /* Profiles */,
				D7DD2E2C2923CC47005B3B7A /* Messages */,
				D7DD2E2B2923CC2C005B3B7A /* Notification */,
				D7DD2E2A2923CC1F005B3B7A /* Explore */,
				D7DD2E1F2923B10C005B3B7A /* Feed */,
			);
			path = Core;
			sourceTree = "<group>";
		};
		D7DD2E1B2923B060005B3B7A /* Service */ = {
			isa = PBXGroup;
			children = (
			);
			path = Service;
			sourceTree = "<group>";
		};
		D7DD2E1C2923B065005B3B7A /* Models */ = {
			isa = PBXGroup;
			children = (
			);
			path = Models;
			sourceTree = "<group>";
		};
		D7DD2E1D2923B06A005B3B7A /* Extensions */ = {
			isa = PBXGroup;
			children = (
			);
			path = Extensions;
			sourceTree = "<group>";
		};
		D7DD2E1E2923B0EE005B3B7A /* Components */ = {
			isa = PBXGroup;
			children = (
				D7DD2E66292A3785005B3B7A /* Authentication */,
				D7DD2E422927CCC6005B3B7A /* Users */,
				D7DD2E242923B288005B3B7A /* Tweets */,
			);
			path = Components;
			sourceTree = "<group>";
		};
		D7DD2E1F2923B10C005B3B7A /* Feed */ = {
			isa = PBXGroup;
			children = (
				D7DD2E202923B15F005B3B7A /* ViewModels */,
				D7DD2E212923B16A005B3B7A /* View */,
			);
			path = Feed;
			sourceTree = "<group>";
		};
		D7DD2E202923B15F005B3B7A /* ViewModels */ = {
			isa = PBXGroup;
			children = (
			);
			path = ViewModels;
			sourceTree = "<group>";
		};
		D7DD2E212923B16A005B3B7A /* View */ = {
			isa = PBXGroup;
			children = (
				D7DD2E222923B197005B3B7A /* FeedView.swift */,
			);
			path = View;
			sourceTree = "<group>";
		};
		D7DD2E242923B288005B3B7A /* Tweets */ = {
			isa = PBXGroup;
			children = (
				D7DD2E252923B2EC005B3B7A /* TweetRowView.swift */,
				D7DD2E592928D219005B3B7A /* TextArea.swift */,
				D7DD2E6229293A8D005B3B7A /* RoundedShape.swift */,
				D7DD2E6429294B6B005B3B7A /* CustomInputField.swift */,
			);
			path = Tweets;
			sourceTree = "<group>";
		};
		D7DD2E272923CA55005B3B7A /* MainTab */ = {
			isa = PBXGroup;
			children = (
				D7DD2E282923CA78005B3B7A /* MainTabView.swift */,
			);
			path = MainTab;
			sourceTree = "<group>";
		};
		D7DD2E2A2923CC1F005B3B7A /* Explore */ = {
			isa = PBXGroup;
			children = (
				D7DD2E412927CC97005B3B7A /* ViewModels */,
				D7DD2E402927CC88005B3B7A /* Views */,
			);
			path = Explore;
			sourceTree = "<group>";
		};
		D7DD2E2B2923CC2C005B3B7A /* Notification */ = {
			isa = PBXGroup;
			children = (
				D7DD2E302923CCDF005B3B7A /* NotificationView.swift */,
			);
			path = Notification;
			sourceTree = "<group>";
		};
		D7DD2E2C2923CC47005B3B7A /* Messages */ = {
			isa = PBXGroup;
			children = (
				D7DD2E322923CD23005B3B7A /* MessageView.swift */,
			);
			path = Messages;
			sourceTree = "<group>";
		};
		D7DD2E2D2923CC5B005B3B7A /* Profiles */ = {
			isa = PBXGroup;
			children = (
				D7DD2E392924FEF8005B3B7A /* ModelViews */,
				D7DD2E382924FEF2005B3B7A /* Views */,
			);
			path = Profiles;
			sourceTree = "<group>";
		};
		D7DD2E382924FEF2005B3B7A /* Views */ = {
			isa = PBXGroup;
			children = (
				D7DD2E3A2924FF14005B3B7A /* ProfileView.swift */,
			);
			path = Views;
			sourceTree = "<group>";
		};
		D7DD2E392924FEF8005B3B7A /* ModelViews */ = {
			isa = PBXGroup;
			children = (
				D7DD2E3C29254481005B3B7A /* TweetFilterViewModel.swift */,
			);
			path = ModelViews;
			sourceTree = "<group>";
		};
		D7DD2E402927CC88005B3B7A /* Views */ = {
			isa = PBXGroup;
			children = (
				D7DD2E2E2923CCBB005B3B7A /* ExploreView.swift */,
			);
			path = Views;
			sourceTree = "<group>";
		};
		D7DD2E412927CC97005B3B7A /* ViewModels */ = {
			isa = PBXGroup;
			children = (
			);
			path = ViewModels;
			sourceTree = "<group>";
		};
		D7DD2E422927CCC6005B3B7A /* Users */ = {
			isa = PBXGroup;
			children = (
				D7DD2E452927CCF6005B3B7A /* UserRowView.swift */,
				D7DD2E50292864D9005B3B7A /* UserStatsView.swift */,
			);
			path = Users;
			sourceTree = "<group>";
		};
		D7DD2E472928605C005B3B7A /* SideMenu */ = {
			isa = PBXGroup;
			children = (
				D7DD2E492928607C005B3B7A /* ViewModel */,
				D7DD2E482928606C005B3B7A /* Views */,
			);
			path = SideMenu;
			sourceTree = "<group>";
		};
		D7DD2E482928606C005B3B7A /* Views */ = {
			isa = PBXGroup;
			children = (
				D7DD2E4A29286094005B3B7A /* SideMenuView.swift */,
				D7DD2E4C292860AF005B3B7A /* SideMenuRowView.swift */,
			);
			path = Views;
			sourceTree = "<group>";
		};
		D7DD2E492928607C005B3B7A /* ViewModel */ = {
			isa = PBXGroup;
			children = (
				D7DD2E4E292860C0005B3B7A /* SideMenuViewModel.swift */,
			);
			path = ViewModel;
			sourceTree = "<group>";
		};
		D7DD2E522928CB74005B3B7A /* UploadTweet */ = {
			isa = PBXGroup;
			children = (
				D7DD2E562928CBBF005B3B7A /* Views */,
				D7DD2E552928CBA8005B3B7A /* ViewModels */,
			);
			path = UploadTweet;
			sourceTree = "<group>";
		};
		D7DD2E552928CBA8005B3B7A /* ViewModels */ = {
			isa = PBXGroup;
			children = (
			);
			path = ViewModels;
			sourceTree = "<group>";
		};
		D7DD2E562928CBBF005B3B7A /* Views */ = {
			isa = PBXGroup;
			children = (
				D7DD2E572928CBDD005B3B7A /* NewTweetView.swift */,
			);
			path = Views;
			sourceTree = "<group>";
		};
		D7DD2E5B2928EFF4005B3B7A /* Authentication */ = {
			isa = PBXGroup;
			children = (
				D7DD2E5D2928F027005B3B7A /* Views */,
				D7DD2E5C2928F00A005B3B7A /* ViewModel */,
			);
			path = Authentication;
			sourceTree = "<group>";
		};
		D7DD2E5C2928F00A005B3B7A /* ViewModel */ = {
			isa = PBXGroup;
			children = (
				D7004923292BE62800ED170A /* AuthViewModel.swift */,
			);
			path = ViewModel;
			sourceTree = "<group>";
		};
		D7DD2E5D2928F027005B3B7A /* Views */ = {
			isa = PBXGroup;
			children = (
				D7DD2E5E2928F049005B3B7A /* LoginView.swift */,
				D7DD2E602928F069005B3B7A /* RegisterView.swift */,
				D70049252930A31A00ED170A /* ProfilePhotoSelectorView.swift */,
			);
			path = Views;
			sourceTree = "<group>";
		};
		D7DD2E66292A3785005B3B7A /* Authentication */ = {
			isa = PBXGroup;
			children = (
				D7DD2E68292A37B7005B3B7A /* AuthenticationHeaderView.swift */,
				D7DD2E6A292A3AA9005B3B7A /* AuthenticationBottomView.swift */,
			);
			path = Authentication;
			sourceTree = "<group>";
		};
/* End PBXGroup section */

/* Begin PBXNativeTarget section */
		D7DD2E062923B019005B3B7A /* Twitter-Clone-App-SwiftUI */ = {
			isa = PBXNativeTarget;
			buildConfigurationList = D7DD2E152923B01A005B3B7A /* Build configuration list for PBXNativeTarget "Twitter-Clone-App-SwiftUI" */;
			buildPhases = (
				D7DD2E032923B019005B3B7A /* Sources */,
				D7DD2E042923B019005B3B7A /* Frameworks */,
				D7DD2E052923B019005B3B7A /* Resources */,
			);
			buildRules = (
			);
			dependencies = (
			);
			name = "Twitter-Clone-App-SwiftUI";
			packageProductDependencies = (
				D7DD2E71292B4C9A005B3B7A /* FirebaseAuth */,
				D7DD2E73292B4C9A005B3B7A /* FirebaseFirestore */,
				D7DD2E75292B4C9A005B3B7A /* FirebaseFirestoreSwift */,
				D7DD2E77292B4C9A005B3B7A /* FirebaseStorage */,
			);
			productName = "Twitter-Clone-App-SwiftUI";
			productReference = D7DD2E072923B019005B3B7A /* Twitter-Clone-App-SwiftUI.app */;
			productType = "com.apple.product-type.application";
		};
/* End PBXNativeTarget section */

/* Begin PBXProject section */
		D7DD2DFF2923B019005B3B7A /* Project object */ = {
			isa = PBXProject;
			attributes = {
				BuildIndependentTargetsInParallel = 1;
				LastSwiftUpdateCheck = 1400;
				LastUpgradeCheck = 1400;
				TargetAttributes = {
					D7DD2E062923B019005B3B7A = {
						CreatedOnToolsVersion = 14.0.1;
					};
				};
			};
			buildConfigurationList = D7DD2E022923B019005B3B7A /* Build configuration list for PBXProject "Twitter-Clone-App-SwiftUI" */;
			compatibilityVersion = "Xcode 14.0";
			developmentRegion = en;
			hasScannedForEncodings = 0;
			knownRegions = (
				en,
				Base,
			);
			mainGroup = D7DD2DFE2923B019005B3B7A;
			packageReferences = (
				D7DD2E70292B4C9A005B3B7A /* XCRemoteSwiftPackageReference "firebase-ios-sdk" */,
			);
			productRefGroup = D7DD2E082923B019005B3B7A /* Products */;
			projectDirPath = "";
			projectRoot = "";
			targets = (
				D7DD2E062923B019005B3B7A /* Twitter-Clone-App-SwiftUI */,
			);
		};
/* End PBXProject section */

/* Begin PBXResourcesBuildPhase section */
		D7DD2E052923B019005B3B7A /* Resources */ = {
			isa = PBXResourcesBuildPhase;
			buildActionMask = 2147483647;
			files = (
				D7DD2E122923B01A005B3B7A /* Preview Assets.xcassets in Resources */,
				D7DD2E0F2923B01A005B3B7A /* Assets.xcassets in Resources */,
				D7DD2E6F292AB653005B3B7A /* GoogleService-Info.plist in Resources */,
			);
			runOnlyForDeploymentPostprocessing = 0;
		};
/* End PBXResourcesBuildPhase section */

/* Begin PBXSourcesBuildPhase section */
		D7DD2E032923B019005B3B7A /* Sources */ = {
			isa = PBXSourcesBuildPhase;
			buildActionMask = 2147483647;
			files = (
				D7DD2E0D2923B019005B3B7A /* ContentView.swift in Sources */,
				D7DD2E3B2924FF14005B3B7A /* ProfileView.swift in Sources */,
				D7DD2E262923B2EC005B3B7A /* TweetRowView.swift in Sources */,
				D7DD2E4D292860AF005B3B7A /* SideMenuRowView.swift in Sources */,
				D7DD2E6529294B6B005B3B7A /* CustomInputField.swift in Sources */,
				D7DD2E312923CCDF005B3B7A /* NotificationView.swift in Sources */,
				D7DD2E6B292A3AA9005B3B7A /* AuthenticationBottomView.swift in Sources */,
				D7DD2E3D29254481005B3B7A /* TweetFilterViewModel.swift in Sources */,
				D7DD2E232923B197005B3B7A /* FeedView.swift in Sources */,
				D7DD2E4B29286094005B3B7A /* SideMenuView.swift in Sources */,
				D7DD2E612928F069005B3B7A /* RegisterView.swift in Sources */,
				D7DD2E332923CD23005B3B7A /* MessageView.swift in Sources */,
				D7DD2E0B2923B019005B3B7A /* Twitter_Clone_App_SwiftUIApp.swift in Sources */,
				D700492B2930AEA800ED170A /* ImagePicker.swift in Sources */,
				D7DD2E5A2928D219005B3B7A /* TextArea.swift in Sources */,
				D70049262930A31A00ED170A /* ProfilePhotoSelectorView.swift in Sources */,
				D7DD2E4F292860C0005B3B7A /* SideMenuViewModel.swift in Sources */,
				D7DD2E5F2928F049005B3B7A /* LoginView.swift in Sources */,
				D7DD2E582928CBDD005B3B7A /* NewTweetView.swift in Sources */,
				D7DD2E69292A37B7005B3B7A /* AuthenticationHeaderView.swift in Sources */,
				D7DD2E6329293A8D005B3B7A /* RoundedShape.swift in Sources */,
				D7004924292BE62800ED170A /* AuthViewModel.swift in Sources */,
				D7DD2E462927CCF6005B3B7A /* UserRowView.swift in Sources */,
				D7DD2E2F2923CCBB005B3B7A /* ExploreView.swift in Sources */,
				D7DD2E292923CA78005B3B7A /* MainTabView.swift in Sources */,
				D7DD2E51292864D9005B3B7A /* UserStatsView.swift in Sources */,
			);
			runOnlyForDeploymentPostprocessing = 0;
		};
/* End PBXSourcesBuildPhase section */

/* Begin XCBuildConfiguration section */
		D7DD2E132923B01A005B3B7A /* Debug */ = {
			isa = XCBuildConfiguration;
			buildSettings = {
				ALWAYS_SEARCH_USER_PATHS = NO;
				CLANG_ANALYZER_NONNULL = YES;
				CLANG_ANALYZER_NUMBER_OBJECT_CONVERSION = YES_AGGRESSIVE;
				CLANG_CXX_LANGUAGE_STANDARD = "gnu++20";
				CLANG_ENABLE_MODULES = YES;
				CLANG_ENABLE_OBJC_ARC = YES;
				CLANG_ENABLE_OBJC_WEAK = YES;
				CLANG_WARN_BLOCK_CAPTURE_AUTORELEASING = YES;
				CLANG_WARN_BOOL_CONVERSION = YES;
				CLANG_WARN_COMMA = YES;
				CLANG_WARN_CONSTANT_CONVERSION = YES;
				CLANG_WARN_DEPRECATED_OBJC_IMPLEMENTATIONS = YES;
				CLANG_WARN_DIRECT_OBJC_ISA_USAGE = YES_ERROR;
				CLANG_WARN_DOCUMENTATION_COMMENTS = YES;
				CLANG_WARN_EMPTY_BODY = YES;
				CLANG_WARN_ENUM_CONVERSION = YES;
				CLANG_WARN_INFINITE_RECURSION = YES;
				CLANG_WARN_INT_CONVERSION = YES;
				CLANG_WARN_NON_LITERAL_NULL_CONVERSION = YES;
				CLANG_WARN_OBJC_IMPLICIT_RETAIN_SELF = YES;
				CLANG_WARN_OBJC_LITERAL_CONVERSION = YES;
				CLANG_WARN_OBJC_ROOT_CLASS = YES_ERROR;
				CLANG_WARN_QUOTED_INCLUDE_IN_FRAMEWORK_HEADER = YES;
				CLANG_WARN_RANGE_LOOP_ANALYSIS = YES;
				CLANG_WARN_STRICT_PROTOTYPES = YES;
				CLANG_WARN_SUSPICIOUS_MOVE = YES;
				CLANG_WARN_UNGUARDED_AVAILABILITY = YES_AGGRESSIVE;
				CLANG_WARN_UNREACHABLE_CODE = YES;
				CLANG_WARN__DUPLICATE_METHOD_MATCH = YES;
				COPY_PHASE_STRIP = NO;
				DEBUG_INFORMATION_FORMAT = dwarf;
				ENABLE_STRICT_OBJC_MSGSEND = YES;
				ENABLE_TESTABILITY = YES;
				GCC_C_LANGUAGE_STANDARD = gnu11;
				GCC_DYNAMIC_NO_PIC = NO;
				GCC_NO_COMMON_BLOCKS = YES;
				GCC_OPTIMIZATION_LEVEL = 0;
				GCC_PREPROCESSOR_DEFINITIONS = (
					"DEBUG=1",
					"$(inherited)",
				);
				GCC_WARN_64_TO_32_BIT_CONVERSION = YES;
				GCC_WARN_ABOUT_RETURN_TYPE = YES_ERROR;
				GCC_WARN_UNDECLARED_SELECTOR = YES;
				GCC_WARN_UNINITIALIZED_AUTOS = YES_AGGRESSIVE;
				GCC_WARN_UNUSED_FUNCTION = YES;
				GCC_WARN_UNUSED_VARIABLE = YES;
				IPHONEOS_DEPLOYMENT_TARGET = 16.0;
				MTL_ENABLE_DEBUG_INFO = INCLUDE_SOURCE;
				MTL_FAST_MATH = YES;
				ONLY_ACTIVE_ARCH = YES;
				SDKROOT = iphoneos;
				SWIFT_ACTIVE_COMPILATION_CONDITIONS = DEBUG;
				SWIFT_OPTIMIZATION_LEVEL = "-Onone";
			};
			name = Debug;
		};
		D7DD2E142923B01A005B3B7A /* Release */ = {
			isa = XCBuildConfiguration;
			buildSettings = {
				ALWAYS_SEARCH_USER_PATHS = NO;
				CLANG_ANALYZER_NONNULL = YES;
				CLANG_ANALYZER_NUMBER_OBJECT_CONVERSION = YES_AGGRESSIVE;
				CLANG_CXX_LANGUAGE_STANDARD = "gnu++20";
				CLANG_ENABLE_MODULES = YES;
				CLANG_ENABLE_OBJC_ARC = YES;
				CLANG_ENABLE_OBJC_WEAK = YES;
				CLANG_WARN_BLOCK_CAPTURE_AUTORELEASING = YES;
				CLANG_WARN_BOOL_CONVERSION = YES;
				CLANG_WARN_COMMA = YES;
				CLANG_WARN_CONSTANT_CONVERSION = YES;
				CLANG_WARN_DEPRECATED_OBJC_IMPLEMENTATIONS = YES;
				CLANG_WARN_DIRECT_OBJC_ISA_USAGE = YES_ERROR;
				CLANG_WARN_DOCUMENTATION_COMMENTS = YES;
				CLANG_WARN_EMPTY_BODY = YES;
				CLANG_WARN_ENUM_CONVERSION = YES;
				CLANG_WARN_INFINITE_RECURSION = YES;
				CLANG_WARN_INT_CONVERSION = YES;
				CLANG_WARN_NON_LITERAL_NULL_CONVERSION = YES;
				CLANG_WARN_OBJC_IMPLICIT_RETAIN_SELF = YES;
				CLANG_WARN_OBJC_LITERAL_CONVERSION = YES;
				CLANG_WARN_OBJC_ROOT_CLASS = YES_ERROR;
				CLANG_WARN_QUOTED_INCLUDE_IN_FRAMEWORK_HEADER = YES;
				CLANG_WARN_RANGE_LOOP_ANALYSIS = YES;
				CLANG_WARN_STRICT_PROTOTYPES = YES;
				CLANG_WARN_SUSPICIOUS_MOVE = YES;
				CLANG_WARN_UNGUARDED_AVAILABILITY = YES_AGGRESSIVE;
				CLANG_WARN_UNREACHABLE_CODE = YES;
				CLANG_WARN__DUPLICATE_METHOD_MATCH = YES;
				COPY_PHASE_STRIP = NO;
				DEBUG_INFORMATION_FORMAT = "dwarf-with-dsym";
				ENABLE_NS_ASSERTIONS = NO;
				ENABLE_STRICT_OBJC_MSGSEND = YES;
				GCC_C_LANGUAGE_STANDARD = gnu11;
				GCC_NO_COMMON_BLOCKS = YES;
				GCC_WARN_64_TO_32_BIT_CONVERSION = YES;
				GCC_WARN_ABOUT_RETURN_TYPE = YES_ERROR;
				GCC_WARN_UNDECLARED_SELECTOR = YES;
				GCC_WARN_UNINITIALIZED_AUTOS = YES_AGGRESSIVE;
				GCC_WARN_UNUSED_FUNCTION = YES;
				GCC_WARN_UNUSED_VARIABLE = YES;
				IPHONEOS_DEPLOYMENT_TARGET = 16.0;
				MTL_ENABLE_DEBUG_INFO = NO;
				MTL_FAST_MATH = YES;
				SDKROOT = iphoneos;
				SWIFT_COMPILATION_MODE = wholemodule;
				SWIFT_OPTIMIZATION_LEVEL = "-O";
				VALIDATE_PRODUCT = YES;
			};
			name = Release;
		};
		D7DD2E162923B01A005B3B7A /* Debug */ = {
			isa = XCBuildConfiguration;
			buildSettings = {
				ASSETCATALOG_COMPILER_APPICON_NAME = AppIcon;
				ASSETCATALOG_COMPILER_GLOBAL_ACCENT_COLOR_NAME = AccentColor;
				CODE_SIGN_STYLE = Automatic;
				CURRENT_PROJECT_VERSION = 1;
				DEVELOPMENT_ASSET_PATHS = "\"Twitter-Clone-App-SwiftUI/Preview Content\"";
				DEVELOPMENT_TEAM = 5S4TMVFBL9;
				ENABLE_PREVIEWS = YES;
				GENERATE_INFOPLIST_FILE = YES;
				INFOPLIST_KEY_UIApplicationSceneManifest_Generation = YES;
				INFOPLIST_KEY_UIApplicationSupportsIndirectInputEvents = YES;
				INFOPLIST_KEY_UILaunchScreen_Generation = YES;
				INFOPLIST_KEY_UISupportedInterfaceOrientations_iPad = "UIInterfaceOrientationPortrait UIInterfaceOrientationPortraitUpsideDown UIInterfaceOrientationLandscapeLeft UIInterfaceOrientationLandscapeRight";
				INFOPLIST_KEY_UISupportedInterfaceOrientations_iPhone = "UIInterfaceOrientationPortrait UIInterfaceOrientationLandscapeLeft UIInterfaceOrientationLandscapeRight";
				LD_RUNPATH_SEARCH_PATHS = (
					"$(inherited)",
					"@executable_path/Frameworks",
				);
				MARKETING_VERSION = 1.0;
				PRODUCT_BUNDLE_IDENTIFIER = "vailed.Twitter-Clone-App-SwiftUI";
				PRODUCT_NAME = "$(TARGET_NAME)";
				SWIFT_EMIT_LOC_STRINGS = YES;
				SWIFT_VERSION = 5.0;
				TARGETED_DEVICE_FAMILY = "1,2";
			};
			name = Debug;
		};
		D7DD2E172923B01A005B3B7A /* Release */ = {
			isa = XCBuildConfiguration;
			buildSettings = {
				ASSETCATALOG_COMPILER_APPICON_NAME = AppIcon;
				ASSETCATALOG_COMPILER_GLOBAL_ACCENT_COLOR_NAME = AccentColor;
				CODE_SIGN_STYLE = Automatic;
				CURRENT_PROJECT_VERSION = 1;
				DEVELOPMENT_ASSET_PATHS = "\"Twitter-Clone-App-SwiftUI/Preview Content\"";
				DEVELOPMENT_TEAM = 5S4TMVFBL9;
				ENABLE_PREVIEWS = YES;
				GENERATE_INFOPLIST_FILE = YES;
				INFOPLIST_KEY_UIApplicationSceneManifest_Generation = YES;
				INFOPLIST_KEY_UIApplicationSupportsIndirectInputEvents = YES;
				INFOPLIST_KEY_UILaunchScreen_Generation = YES;
				INFOPLIST_KEY_UISupportedInterfaceOrientations_iPad = "UIInterfaceOrientationPortrait UIInterfaceOrientationPortraitUpsideDown UIInterfaceOrientationLandscapeLeft UIInterfaceOrientationLandscapeRight";
				INFOPLIST_KEY_UISupportedInterfaceOrientations_iPhone = "UIInterfaceOrientationPortrait UIInterfaceOrientationLandscapeLeft UIInterfaceOrientationLandscapeRight";
				LD_RUNPATH_SEARCH_PATHS = (
					"$(inherited)",
					"@executable_path/Frameworks",
				);
				MARKETING_VERSION = 1.0;
				PRODUCT_BUNDLE_IDENTIFIER = "vailed.Twitter-Clone-App-SwiftUI";
				PRODUCT_NAME = "$(TARGET_NAME)";
				SWIFT_EMIT_LOC_STRINGS = YES;
				SWIFT_VERSION = 5.0;
				TARGETED_DEVICE_FAMILY = "1,2";
			};
			name = Release;
		};
/* End XCBuildConfiguration section */

/* Begin XCConfigurationList section */
		D7DD2E022923B019005B3B7A /* Build configuration list for PBXProject "Twitter-Clone-App-SwiftUI" */ = {
			isa = XCConfigurationList;
			buildConfigurations = (
				D7DD2E132923B01A005B3B7A /* Debug */,
				D7DD2E142923B01A005B3B7A /* Release */,
			);
			defaultConfigurationIsVisible = 0;
			defaultConfigurationName = Release;
		};
		D7DD2E152923B01A005B3B7A /* Build configuration list for PBXNativeTarget "Twitter-Clone-App-SwiftUI" */ = {
			isa = XCConfigurationList;
			buildConfigurations = (
				D7DD2E162923B01A005B3B7A /* Debug */,
				D7DD2E172923B01A005B3B7A /* Release */,
			);
			defaultConfigurationIsVisible = 0;
			defaultConfigurationName = Release;
		};
/* End XCConfigurationList section */

/* Begin XCRemoteSwiftPackageReference section */
		D7DD2E70292B4C9A005B3B7A /* XCRemoteSwiftPackageReference "firebase-ios-sdk" */ = {
			isa = XCRemoteSwiftPackageReference;
			repositoryURL = "https://github.com/firebase/firebase-ios-sdk";
			requirement = {
				kind = upToNextMajorVersion;
				minimumVersion = 9.0.0;
			};
		};
/* End XCRemoteSwiftPackageReference section */

/* Begin XCSwiftPackageProductDependency section */
		D7DD2E71292B4C9A005B3B7A /* FirebaseAuth */ = {
			isa = XCSwiftPackageProductDependency;
			package = D7DD2E70292B4C9A005B3B7A /* XCRemoteSwiftPackageReference "firebase-ios-sdk" */;
			productName = FirebaseAuth;
		};
		D7DD2E73292B4C9A005B3B7A /* FirebaseFirestore */ = {
			isa = XCSwiftPackageProductDependency;
			package = D7DD2E70292B4C9A005B3B7A /* XCRemoteSwiftPackageReference "firebase-ios-sdk" */;
			productName = FirebaseFirestore;
		};
		D7DD2E75292B4C9A005B3B7A /* FirebaseFirestoreSwift */ = {
			isa = XCSwiftPackageProductDependency;
			package = D7DD2E70292B4C9A005B3B7A /* XCRemoteSwiftPackageReference "firebase-ios-sdk" */;
			productName = FirebaseFirestoreSwift;
		};
		D7DD2E77292B4C9A005B3B7A /* FirebaseStorage */ = {
			isa = XCSwiftPackageProductDependency;
			package = D7DD2E70292B4C9A005B3B7A /* XCRemoteSwiftPackageReference "firebase-ios-sdk" */;
			productName = FirebaseStorage;
		};
/* End XCSwiftPackageProductDependency section */
	};
	rootObject = D7DD2DFF2923B019005B3B7A /* Project object */;
}
