// !$*UTF8*$!
{
	archiveVersion = 1;
	classes = {
	};
	objectVersion = 56;
	objects = {

/* Begin PBXBuildFile section */
		D7DD2E0B2923B019005B3B7A /* Twitter_Clone_App_SwiftUIApp.swift in Sources */ = {isa = PBXBuildFile; fileRef = D7DD2E0A2923B019005B3B7A /* Twitter_Clone_App_SwiftUIApp.swift */; };
		D7DD2E0D2923B019005B3B7A /* ContentView.swift in Sources */ = {isa = PBXBuildFile; fileRef = D7DD2E0C2923B019005B3B7A /* ContentView.swift */; };
		D7DD2E0F2923B01A005B3B7A /* Assets.xcassets in Resources */ = {isa = PBXBuildFile; fileRef = D7DD2E0E2923B01A005B3B7A /* Assets.xcassets */; };
		D7DD2E122923B01A005B3B7A /* Preview Assets.xcassets in Resources */ = {isa = PBXBuildFile; fileRef = D7DD2E112923B01A005B3B7A /* Preview Assets.xcassets */; };
		D7DD2E232923B197005B3B7A /* FeedView.swift in Sources */ = {isa = PBXBuildFile; fileRef = D7DD2E222923B197005B3B7A /* FeedView.swift */; };
		D7DD2E262923B2EC005B3B7A /* TweetRowView.swift in Sources */ = {isa = PBXBuildFile; fileRef = D7DD2E252923B2EC005B3B7A /* TweetRowView.swift */; };
		D7DD2E292923CA78005B3B7A /* MainTabView.swift in Sources */ = {isa = PBXBuildFile; fileRef = D7DD2E282923CA78005B3B7A /* MainTabView.swift */; };
		D7DD2E2F2923CCBB005B3B7A /* ExploreView.swift in Sources */ = {isa = PBXBuildFile; fileRef = D7DD2E2E2923CCBB005B3B7A /* ExploreView.swift */; };
		D7DD2E312923CCDF005B3B7A /* NotificationView.swift in Sources */ = {isa = PBXBuildFile; fileRef = D7DD2E302923CCDF005B3B7A /* NotificationView.swift */; };
		D7DD2E332923CD23005B3B7A /* MessageView.swift in Sources */ = {isa = PBXBuildFile; fileRef = D7DD2E322923CD23005B3B7A /* MessageView.swift */; };
/* End PBXBuildFile section */

/* Begin PBXFileReference section */
		D7DD2E072923B019005B3B7A /* Twitter-Clone-App-SwiftUI.app */ = {isa = PBXFileReference; explicitFileType = wrapper.application; includeInIndex = 0; path = "Twitter-Clone-App-SwiftUI.app"; sourceTree = BUILT_PRODUCTS_DIR; };
		D7DD2E0A2923B019005B3B7A /* Twitter_Clone_App_SwiftUIApp.swift */ = {isa = PBXFileReference; lastKnownFileType = sourcecode.swift; path = Twitter_Clone_App_SwiftUIApp.swift; sourceTree = "<group>"; };
		D7DD2E0C2923B019005B3B7A /* ContentView.swift */ = {isa = PBXFileReference; lastKnownFileType = sourcecode.swift; path = ContentView.swift; sourceTree = "<group>"; };
		D7DD2E0E2923B01A005B3B7A /* Assets.xcassets */ = {isa = PBXFileReference; lastKnownFileType = folder.assetcatalog; path = Assets.xcassets; sourceTree = "<group>"; };
		D7DD2E112923B01A005B3B7A /* Preview Assets.xcassets */ = {isa = PBXFileReference; lastKnownFileType = folder.assetcatalog; path = "Preview Assets.xcassets"; sourceTree = "<group>"; };
		D7DD2E222923B197005B3B7A /* FeedView.swift */ = {isa = PBXFileReference; lastKnownFileType = sourcecode.swift; path = FeedView.swift; sourceTree = "<group>"; };
		D7DD2E252923B2EC005B3B7A /* TweetRowView.swift */ = {isa = PBXFileReference; lastKnownFileType = sourcecode.swift; path = TweetRowView.swift; sourceTree = "<group>"; };
		D7DD2E282923CA78005B3B7A /* MainTabView.swift */ = {isa = PBXFileReference; lastKnownFileType = sourcecode.swift; path = MainTabView.swift; sourceTree = "<group>"; };
		D7DD2E2E2923CCBB005B3B7A /* ExploreView.swift */ = {isa = PBXFileReference; lastKnownFileType = sourcecode.swift; path = ExploreView.swift; sourceTree = "<group>"; };
		D7DD2E302923CCDF005B3B7A /* NotificationView.swift */ = {isa = PBXFileReference; lastKnownFileType = sourcecode.swift; path = NotificationView.swift; sourceTree = "<group>"; };
		D7DD2E322923CD23005B3B7A /* MessageView.swift */ = {isa = PBXFileReference; lastKnownFileType = sourcecode.swift; path = MessageView.swift; sourceTree = "<group>"; };
/* End PBXFileReference section */

/* Begin PBXFrameworksBuildPhase section */
		D7DD2E042923B019005B3B7A /* Frameworks */ = {
			isa = PBXFrameworksBuildPhase;
			buildActionMask = 2147483647;
			files = (
			);
			runOnlyForDeploymentPostprocessing = 0;
		};
/* End PBXFrameworksBuildPhase section */

/* Begin PBXGroup section */
		D7DD2DFE2923B019005B3B7A = {
			isa = PBXGroup;
			children = (
				D7DD2E092923B019005B3B7A /* Twitter-Clone-App-SwiftUI */,
				D7DD2E082923B019005B3B7A /* Products */,
			);
			sourceTree = "<group>";
		};
		D7DD2E082923B019005B3B7A /* Products */ = {
			isa = PBXGroup;
			children = (
				D7DD2E072923B019005B3B7A /* Twitter-Clone-App-SwiftUI.app */,
			);
			name = Products;
			sourceTree = "<group>";
		};
		D7DD2E092923B019005B3B7A /* Twitter-Clone-App-SwiftUI */ = {
			isa = PBXGroup;
			children = (
				D7DD2E1D2923B06A005B3B7A /* Extensions */,
				D7DD2E1C2923B065005B3B7A /* Models */,
				D7DD2E1B2923B060005B3B7A /* Service */,
				D7DD2E182923B054005B3B7A /* Core */,
				D7DD2E0A2923B019005B3B7A /* Twitter_Clone_App_SwiftUIApp.swift */,
				D7DD2E0C2923B019005B3B7A /* ContentView.swift */,
				D7DD2E0E2923B01A005B3B7A /* Assets.xcassets */,
				D7DD2E102923B01A005B3B7A /* Preview Content */,
			);
			path = "Twitter-Clone-App-SwiftUI";
			sourceTree = "<group>";
		};
		D7DD2E102923B01A005B3B7A /* Preview Content */ = {
			isa = PBXGroup;
			children = (
				D7DD2E112923B01A005B3B7A /* Preview Assets.xcassets */,
			);
			path = "Preview Content";
			sourceTree = "<group>";
		};
		D7DD2E182923B054005B3B7A /* Core */ = {
			isa = PBXGroup;
			children = (
				D7DD2E1E2923B0EE005B3B7A /* Components */,
				D7DD2E272923CA55005B3B7A /* MainTab */,
				D7DD2E2D2923CC5B005B3B7A /* Profiles */,
				D7DD2E2C2923CC47005B3B7A /* Messages */,
				D7DD2E2B2923CC2C005B3B7A /* Notification */,
				D7DD2E2A2923CC1F005B3B7A /* Explore */,
				D7DD2E1F2923B10C005B3B7A /* Feed */,
			);
			path = Core;
			sourceTree = "<group>";
		};
		D7DD2E1B2923B060005B3B7A /* Service */ = {
			isa = PBXGroup;
			children = (
			);
			path = Service;
			sourceTree = "<group>";
		};
		D7DD2E1C2923B065005B3B7A /* Models */ = {
			isa = PBXGroup;
			children = (
			);
			path = Models;
			sourceTree = "<group>";
		};
		D7DD2E1D2923B06A005B3B7A /* Extensions */ = {
			isa = PBXGroup;
			children = (
			);
			path = Extensions;
			sourceTree = "<group>";
		};
		D7DD2E1E2923B0EE005B3B7A /* Components */ = {
			isa = PBXGroup;
			children = (
				D7DD2E242923B288005B3B7A /* Tweets */,
			);
			path = Components;
			sourceTree = "<group>";
		};
		D7DD2E1F2923B10C005B3B7A /* Feed */ = {
			isa = PBXGroup;
			children = (
				D7DD2E212923B16A005B3B7A /* View */,
				D7DD2E202923B15F005B3B7A /* ViewModels */,
			);
			path = Feed;
			sourceTree = "<group>";
		};
		D7DD2E202923B15F005B3B7A /* ViewModels */ = {
			isa = PBXGroup;
			children = (
			);
			path = ViewModels;
			sourceTree = "<group>";
		};
		D7DD2E212923B16A005B3B7A /* View */ = {
			isa = PBXGroup;
			children = (
				D7DD2E222923B197005B3B7A /* FeedView.swift */,
			);
			path = View;
			sourceTree = "<group>";
		};
		D7DD2E242923B288005B3B7A /* Tweets */ = {
			isa = PBXGroup;
			children = (
				D7DD2E252923B2EC005B3B7A /* TweetRowView.swift */,
			);
			path = Tweets;
			sourceTree = "<group>";
		};
		D7DD2E272923CA55005B3B7A /* MainTab */ = {
			isa = PBXGroup;
			children = (
				D7DD2E282923CA78005B3B7A /* MainTabView.swift */,
			);
			path = MainTab;
			sourceTree = "<group>";
		};
		D7DD2E2A2923CC1F005B3B7A /* Explore */ = {
			isa = PBXGroup;
			children = (
				D7DD2E2E2923CCBB005B3B7A /* ExploreView.swift */,
			);
			path = Explore;
			sourceTree = "<group>";
		};
		D7DD2E2B2923CC2C005B3B7A /* Notification */ = {
			isa = PBXGroup;
			children = (
				D7DD2E302923CCDF005B3B7A /* NotificationView.swift */,
			);
			path = Notification;
			sourceTree = "<group>";
		};
		D7DD2E2C2923CC47005B3B7A /* Messages */ = {
			isa = PBXGroup;
			children = (
				D7DD2E322923CD23005B3B7A /* MessageView.swift */,
			);
			path = Messages;
			sourceTree = "<group>";
		};
		D7DD2E2D2923CC5B005B3B7A /* Profiles */ = {
			isa = PBXGroup;
			children = (
			);
			path = Profiles;
			sourceTree = "<group>";
		};
/* End PBXGroup section */

/* Begin PBXNativeTarget section */
		D7DD2E062923B019005B3B7A /* Twitter-Clone-App-SwiftUI */ = {
			isa = PBXNativeTarget;
			buildConfigurationList = D7DD2E152923B01A005B3B7A /* Build configuration list for PBXNativeTarget "Twitter-Clone-App-SwiftUI" */;
			buildPhases = (
				D7DD2E032923B019005B3B7A /* Sources */,
				D7DD2E042923B019005B3B7A /* Frameworks */,
				D7DD2E052923B019005B3B7A /* Resources */,
			);
			buildRules = (
			);
			dependencies = (
			);
			name = "Twitter-Clone-App-SwiftUI";
			productName = "Twitter-Clone-App-SwiftUI";
			productReference = D7DD2E072923B019005B3B7A /* Twitter-Clone-App-SwiftUI.app */;
			productType = "com.apple.product-type.application";
		};
/* End PBXNativeTarget section */

/* Begin PBXProject section */
		D7DD2DFF2923B019005B3B7A /* Project object */ = {
			isa = PBXProject;
			attributes = {
				BuildIndependentTargetsInParallel = 1;
				LastSwiftUpdateCheck = 1400;
				LastUpgradeCheck = 1400;
				TargetAttributes = {
					D7DD2E062923B019005B3B7A = {
						CreatedOnToolsVersion = 14.0.1;
					};
				};
			};
			buildConfigurationList = D7DD2E022923B019005B3B7A /* Build configuration list for PBXProject "Twitter-Clone-App-SwiftUI" */;
			compatibilityVersion = "Xcode 14.0";
			developmentRegion = en;
			hasScannedForEncodings = 0;
			knownRegions = (
				en,
				Base,
			);
			mainGroup = D7DD2DFE2923B019005B3B7A;
			productRefGroup = D7DD2E082923B019005B3B7A /* Products */;
			projectDirPath = "";
			projectRoot = "";
			targets = (
				D7DD2E062923B019005B3B7A /* Twitter-Clone-App-SwiftUI */,
			);
		};
/* End PBXProject section */

/* Begin PBXResourcesBuildPhase section */
		D7DD2E052923B019005B3B7A /* Resources */ = {
			isa = PBXResourcesBuildPhase;
			buildActionMask = 2147483647;
			files = (
				D7DD2E122923B01A005B3B7A /* Preview Assets.xcassets in Resources */,
				D7DD2E0F2923B01A005B3B7A /* Assets.xcassets in Resources */,
			);
			runOnlyForDeploymentPostprocessing = 0;
		};
/* End PBXResourcesBuildPhase section */

/* Begin PBXSourcesBuildPhase section */
		D7DD2E032923B019005B3B7A /* Sources */ = {
			isa = PBXSourcesBuildPhase;
			buildActionMask = 2147483647;
			files = (
				D7DD2E0D2923B019005B3B7A /* ContentView.swift in Sources */,
				D7DD2E262923B2EC005B3B7A /* TweetRowView.swift in Sources */,
				D7DD2E312923CCDF005B3B7A /* NotificationView.swift in Sources */,
				D7DD2E232923B197005B3B7A /* FeedView.swift in Sources */,
				D7DD2E332923CD23005B3B7A /* MessageView.swift in Sources */,
				D7DD2E0B2923B019005B3B7A /* Twitter_Clone_App_SwiftUIApp.swift in Sources */,
				D7DD2E2F2923CCBB005B3B7A /* ExploreView.swift in Sources */,
				D7DD2E292923CA78005B3B7A /* MainTabView.swift in Sources */,
			);
			runOnlyForDeploymentPostprocessing = 0;
		};
/* End PBXSourcesBuildPhase section */

/* Begin XCBuildConfiguration section */
		D7DD2E132923B01A005B3B7A /* Debug */ = {
			isa = XCBuildConfiguration;
			buildSettings = {
				ALWAYS_SEARCH_USER_PATHS = NO;
				CLANG_ANALYZER_NONNULL = YES;
				CLANG_ANALYZER_NUMBER_OBJECT_CONVERSION = YES_AGGRESSIVE;
				CLANG_CXX_LANGUAGE_STANDARD = "gnu++20";
				CLANG_ENABLE_MODULES = YES;
				CLANG_ENABLE_OBJC_ARC = YES;
				CLANG_ENABLE_OBJC_WEAK = YES;
				CLANG_WARN_BLOCK_CAPTURE_AUTORELEASING = YES;
				CLANG_WARN_BOOL_CONVERSION = YES;
				CLANG_WARN_COMMA = YES;
				CLANG_WARN_CONSTANT_CONVERSION = YES;
				CLANG_WARN_DEPRECATED_OBJC_IMPLEMENTATIONS = YES;
				CLANG_WARN_DIRECT_OBJC_ISA_USAGE = YES_ERROR;
				CLANG_WARN_DOCUMENTATION_COMMENTS = YES;
				CLANG_WARN_EMPTY_BODY = YES;
				CLANG_WARN_ENUM_CONVERSION = YES;
				CLANG_WARN_INFINITE_RECURSION = YES;
				CLANG_WARN_INT_CONVERSION = YES;
				CLANG_WARN_NON_LITERAL_NULL_CONVERSION = YES;
				CLANG_WARN_OBJC_IMPLICIT_RETAIN_SELF = YES;
				CLANG_WARN_OBJC_LITERAL_CONVERSION = YES;
				CLANG_WARN_OBJC_ROOT_CLASS = YES_ERROR;
				CLANG_WARN_QUOTED_INCLUDE_IN_FRAMEWORK_HEADER = YES;
				CLANG_WARN_RANGE_LOOP_ANALYSIS = YES;
				CLANG_WARN_STRICT_PROTOTYPES = YES;
				CLANG_WARN_SUSPICIOUS_MOVE = YES;
				CLANG_WARN_UNGUARDED_AVAILABILITY = YES_AGGRESSIVE;
				CLANG_WARN_UNREACHABLE_CODE = YES;
				CLANG_WARN__DUPLICATE_METHOD_MATCH = YES;
				COPY_PHASE_STRIP = NO;
				DEBUG_INFORMATION_FORMAT = dwarf;
				ENABLE_STRICT_OBJC_MSGSEND = YES;
				ENABLE_TESTABILITY = YES;
				GCC_C_LANGUAGE_STANDARD = gnu11;
				GCC_DYNAMIC_NO_PIC = NO;
				GCC_NO_COMMON_BLOCKS = YES;
				GCC_OPTIMIZATION_LEVEL = 0;
				GCC_PREPROCESSOR_DEFINITIONS = (
					"DEBUG=1",
					"$(inherited)",
				);
				GCC_WARN_64_TO_32_BIT_CONVERSION = YES;
				GCC_WARN_ABOUT_RETURN_TYPE = YES_ERROR;
				GCC_WARN_UNDECLARED_SELECTOR = YES;
				GCC_WARN_UNINITIALIZED_AUTOS = YES_AGGRESSIVE;
				GCC_WARN_UNUSED_FUNCTION = YES;
				GCC_WARN_UNUSED_VARIABLE = YES;
				IPHONEOS_DEPLOYMENT_TARGET = 16.0;
				MTL_ENABLE_DEBUG_INFO = INCLUDE_SOURCE;
				MTL_FAST_MATH = YES;
				ONLY_ACTIVE_ARCH = YES;
				SDKROOT = iphoneos;
				SWIFT_ACTIVE_COMPILATION_CONDITIONS = DEBUG;
				SWIFT_OPTIMIZATION_LEVEL = "-Onone";
			};
			name = Debug;
		};
		D7DD2E142923B01A005B3B7A /* Release */ = {
			isa = XCBuildConfiguration;
			buildSettings = {
				ALWAYS_SEARCH_USER_PATHS = NO;
				CLANG_ANALYZER_NONNULL = YES;
				CLANG_ANALYZER_NUMBER_OBJECT_CONVERSION = YES_AGGRESSIVE;
				CLANG_CXX_LANGUAGE_STANDARD = "gnu++20";
				CLANG_ENABLE_MODULES = YES;
				CLANG_ENABLE_OBJC_ARC = YES;
				CLANG_ENABLE_OBJC_WEAK = YES;
				CLANG_WARN_BLOCK_CAPTURE_AUTORELEASING = YES;
				CLANG_WARN_BOOL_CONVERSION = YES;
				CLANG_WARN_COMMA = YES;
				CLANG_WARN_CONSTANT_CONVERSION = YES;
				CLANG_WARN_DEPRECATED_OBJC_IMPLEMENTATIONS = YES;
				CLANG_WARN_DIRECT_OBJC_ISA_USAGE = YES_ERROR;
				CLANG_WARN_DOCUMENTATION_COMMENTS = YES;
				CLANG_WARN_EMPTY_BODY = YES;
				CLANG_WARN_ENUM_CONVERSION = YES;
				CLANG_WARN_INFINITE_RECURSION = YES;
				CLANG_WARN_INT_CONVERSION = YES;
				CLANG_WARN_NON_LITERAL_NULL_CONVERSION = YES;
				CLANG_WARN_OBJC_IMPLICIT_RETAIN_SELF = YES;
				CLANG_WARN_OBJC_LITERAL_CONVERSION = YES;
				CLANG_WARN_OBJC_ROOT_CLASS = YES_ERROR;
				CLANG_WARN_QUOTED_INCLUDE_IN_FRAMEWORK_HEADER = YES;
				CLANG_WARN_RANGE_LOOP_ANALYSIS = YES;
				CLANG_WARN_STRICT_PROTOTYPES = YES;
				CLANG_WARN_SUSPICIOUS_MOVE = YES;
				CLANG_WARN_UNGUARDED_AVAILABILITY = YES_AGGRESSIVE;
				CLANG_WARN_UNREACHABLE_CODE = YES;
				CLANG_WARN__DUPLICATE_METHOD_MATCH = YES;
				COPY_PHASE_STRIP = NO;
				DEBUG_INFORMATION_FORMAT = "dwarf-with-dsym";
				ENABLE_NS_ASSERTIONS = NO;
				ENABLE_STRICT_OBJC_MSGSEND = YES;
				GCC_C_LANGUAGE_STANDARD = gnu11;
				GCC_NO_COMMON_BLOCKS = YES;
				GCC_WARN_64_TO_32_BIT_CONVERSION = YES;
				GCC_WARN_ABOUT_RETURN_TYPE = YES_ERROR;
				GCC_WARN_UNDECLARED_SELECTOR = YES;
				GCC_WARN_UNINITIALIZED_AUTOS = YES_AGGRESSIVE;
				GCC_WARN_UNUSED_FUNCTION = YES;
				GCC_WARN_UNUSED_VARIABLE = YES;
				IPHONEOS_DEPLOYMENT_TARGET = 16.0;
				MTL_ENABLE_DEBUG_INFO = NO;
				MTL_FAST_MATH = YES;
				SDKROOT = iphoneos;
				SWIFT_COMPILATION_MODE = wholemodule;
				SWIFT_OPTIMIZATION_LEVEL = "-O";
				VALIDATE_PRODUCT = YES;
			};
			name = Release;
		};
		D7DD2E162923B01A005B3B7A /* Debug */ = {
			isa = XCBuildConfiguration;
			buildSettings = {
				ASSETCATALOG_COMPILER_APPICON_NAME = AppIcon;
				ASSETCATALOG_COMPILER_GLOBAL_ACCENT_COLOR_NAME = AccentColor;
				CODE_SIGN_STYLE = Automatic;
				CURRENT_PROJECT_VERSION = 1;
				DEVELOPMENT_ASSET_PATHS = "\"Twitter-Clone-App-SwiftUI/Preview Content\"";
				DEVELOPMENT_TEAM = 5S4TMVFBL9;
				ENABLE_PREVIEWS = YES;
				GENERATE_INFOPLIST_FILE = YES;
				INFOPLIST_KEY_UIApplicationSceneManifest_Generation = YES;
				INFOPLIST_KEY_UIApplicationSupportsIndirectInputEvents = YES;
				INFOPLIST_KEY_UILaunchScreen_Generation = YES;
				INFOPLIST_KEY_UISupportedInterfaceOrientations_iPad = "UIInterfaceOrientationPortrait UIInterfaceOrientationPortraitUpsideDown UIInterfaceOrientationLandscapeLeft UIInterfaceOrientationLandscapeRight";
				INFOPLIST_KEY_UISupportedInterfaceOrientations_iPhone = "UIInterfaceOrientationPortrait UIInterfaceOrientationLandscapeLeft UIInterfaceOrientationLandscapeRight";
				LD_RUNPATH_SEARCH_PATHS = (
					"$(inherited)",
					"@executable_path/Frameworks",
				);
				MARKETING_VERSION = 1.0;
				PRODUCT_BUNDLE_IDENTIFIER = "vailed.Twitter-Clone-App-SwiftUI";
				PRODUCT_NAME = "$(TARGET_NAME)";
				SWIFT_EMIT_LOC_STRINGS = YES;
				SWIFT_VERSION = 5.0;
				TARGETED_DEVICE_FAMILY = "1,2";
			};
			name = Debug;
		};
		D7DD2E172923B01A005B3B7A /* Release */ = {
			isa = XCBuildConfiguration;
			buildSettings = {
				ASSETCATALOG_COMPILER_APPICON_NAME = AppIcon;
				ASSETCATALOG_COMPILER_GLOBAL_ACCENT_COLOR_NAME = AccentColor;
				CODE_SIGN_STYLE = Automatic;
				CURRENT_PROJECT_VERSION = 1;
				DEVELOPMENT_ASSET_PATHS = "\"Twitter-Clone-App-SwiftUI/Preview Content\"";
				DEVELOPMENT_TEAM = 5S4TMVFBL9;
				ENABLE_PREVIEWS = YES;
				GENERATE_INFOPLIST_FILE = YES;
				INFOPLIST_KEY_UIApplicationSceneManifest_Generation = YES;
				INFOPLIST_KEY_UIApplicationSupportsIndirectInputEvents = YES;
				INFOPLIST_KEY_UILaunchScreen_Generation = YES;
				INFOPLIST_KEY_UISupportedInterfaceOrientations_iPad = "UIInterfaceOrientationPortrait UIInterfaceOrientationPortraitUpsideDown UIInterfaceOrientationLandscapeLeft UIInterfaceOrientationLandscapeRight";
				INFOPLIST_KEY_UISupportedInterfaceOrientations_iPhone = "UIInterfaceOrientationPortrait UIInterfaceOrientationLandscapeLeft UIInterfaceOrientationLandscapeRight";
				LD_RUNPATH_SEARCH_PATHS = (
					"$(inherited)",
					"@executable_path/Frameworks",
				);
				MARKETING_VERSION = 1.0;
				PRODUCT_BUNDLE_IDENTIFIER = "vailed.Twitter-Clone-App-SwiftUI";
				PRODUCT_NAME = "$(TARGET_NAME)";
				SWIFT_EMIT_LOC_STRINGS = YES;
				SWIFT_VERSION = 5.0;
				TARGETED_DEVICE_FAMILY = "1,2";
			};
			name = Release;
		};
/* End XCBuildConfiguration section */

/* Begin XCConfigurationList section */
		D7DD2E022923B019005B3B7A /* Build configuration list for PBXProject "Twitter-Clone-App-SwiftUI" */ = {
			isa = XCConfigurationList;
			buildConfigurations = (
				D7DD2E132923B01A005B3B7A /* Debug */,
				D7DD2E142923B01A005B3B7A /* Release */,
			);
			defaultConfigurationIsVisible = 0;
			defaultConfigurationName = Release;
		};
		D7DD2E152923B01A005B3B7A /* Build configuration list for PBXNativeTarget "Twitter-Clone-App-SwiftUI" */ = {
			isa = XCConfigurationList;
			buildConfigurations = (
				D7DD2E162923B01A005B3B7A /* Debug */,
				D7DD2E172923B01A005B3B7A /* Release */,
			);
			defaultConfigurationIsVisible = 0;
			defaultConfigurationName = Release;
		};
/* End XCConfigurationList section */
	};
	rootObject = D7DD2DFF2923B019005B3B7A /* Project object */;
}
